
Microsoft Visual Studio Solution File, Format Version 12.00
# Visual Studio Version 16
VisualStudioVersion = 16.0.33130.400
MinimumVisualStudioVersion = 10.0.40219.1
Project("{9A19103F-16F7-4668-BE54-9A1E7A4F7556}") = "ForMyPhpApplict_site_application", "ForMyPhpApplict_site_application.csproj", "{F60B313F-7856-4252-9D19-4089E714CD22}"
EndProject
Global
	GlobalSection(SolutionConfigurationPlatforms) = preSolution
		Debug|Any CPU = Debug|Any CPU
		Release|Any CPU = Release|Any CPU
	EndGlobalSection
	GlobalSection(ProjectConfigurationPlatforms) = postSolution
		{F60B313F-7856-4252-9D19-4089E714CD22}.Debug|Any CPU.ActiveCfg = Debug|Any CPU
		{F60B313F-7856-4252-9D19-4089E714CD22}.Debug|Any CPU.Build.0 = Debug|Any CPU
		{F60B313F-7856-4252-9D19-4089E714CD22}.Release|Any CPU.ActiveCfg = Release|Any CPU
		{F60B313F-7856-4252-9D19-4089E714CD22}.Release|Any CPU.Build.0 = Release|Any CPU
	EndGlobalSection
	GlobalSection(SolutionProperties) = preSolution
		HideSolutionNode = FALSE
	EndGlobalSection
	GlobalSection(ExtensibilityGlobals) = postSolution
		SolutionGuid = {4C0A69F2-270F-4006-816D-589BDD1AEEA0}
	EndGlobalSection
EndGlobal
