
Microsoft Visual Studio Solution File, Format Version 12.00
# Visual Studio Version 16
VisualStudioVersion = 16.0.33130.400
MinimumVisualStudioVersion = 10.0.40219.1
Project("{9A19103F-16F7-4668-BE54-9A1E7A4F7556}") = "ForMyPhpApplict_site_application", "ForMyPhpApplict_site_application.csproj", "{F60B313F-7856-4252-9D19-4089E714CD22}"
EndProject
Project("{9A19103F-16F7-4668-BE54-9A1E7A4F7556}") = "Peachpie.App", "W:\GITHub\peachpie-1.1.4\peachpie-1.1.4\src\Peachpie.App\Peachpie.App.csproj", "{54155710-B0E6-46BF-9251-12AEE387C3F3}"
EndProject
Project("{9A19103F-16F7-4668-BE54-9A1E7A4F7556}") = "Peachpie.AspNetCore.Web", "W:\GITHub\peachpie-1.1.4\peachpie-1.1.4\src\Peachpie.AspNetCore.Web\Peachpie.AspNetCore.Web.csproj", "{65DAE17A-8993-4129-950A-1DCFFA818438}"
EndProject
Global
	GlobalSection(SolutionConfigurationPlatforms) = preSolution
		Debug|Any CPU = Debug|Any CPU
		Debug|x64 = Debug|x64
		Release|Any CPU = Release|Any CPU
		Release|x64 = Release|x64
	EndGlobalSection
	GlobalSection(ProjectConfigurationPlatforms) = postSolution
		{F60B313F-7856-4252-9D19-4089E714CD22}.Debug|Any CPU.ActiveCfg = Debug|Any CPU
		{F60B313F-7856-4252-9D19-4089E714CD22}.Debug|Any CPU.Build.0 = Debug|Any CPU
		{F60B313F-7856-4252-9D19-4089E714CD22}.Debug|x64.ActiveCfg = Debug|x64
		{F60B313F-7856-4252-9D19-4089E714CD22}.Debug|x64.Build.0 = Debug|x64
		{F60B313F-7856-4252-9D19-4089E714CD22}.Release|Any CPU.ActiveCfg = Release|Any CPU
		{F60B313F-7856-4252-9D19-4089E714CD22}.Release|Any CPU.Build.0 = Release|Any CPU
		{F60B313F-7856-4252-9D19-4089E714CD22}.Release|x64.ActiveCfg = Release|x64
		{F60B313F-7856-4252-9D19-4089E714CD22}.Release|x64.Build.0 = Release|x64
		{54155710-B0E6-46BF-9251-12AEE387C3F3}.Debug|Any CPU.ActiveCfg = Debug|Any CPU
		{54155710-B0E6-46BF-9251-12AEE387C3F3}.Debug|Any CPU.Build.0 = Debug|Any CPU
		{54155710-B0E6-46BF-9251-12AEE387C3F3}.Debug|x64.ActiveCfg = Debug|Any CPU
		{54155710-B0E6-46BF-9251-12AEE387C3F3}.Debug|x64.Build.0 = Debug|Any CPU
		{54155710-B0E6-46BF-9251-12AEE387C3F3}.Release|Any CPU.ActiveCfg = Release|Any CPU
		{54155710-B0E6-46BF-9251-12AEE387C3F3}.Release|Any CPU.Build.0 = Release|Any CPU
		{54155710-B0E6-46BF-9251-12AEE387C3F3}.Release|x64.ActiveCfg = Release|Any CPU
		{54155710-B0E6-46BF-9251-12AEE387C3F3}.Release|x64.Build.0 = Release|Any CPU
		{65DAE17A-8993-4129-950A-1DCFFA818438}.Debug|Any CPU.ActiveCfg = Debug|Any CPU
		{65DAE17A-8993-4129-950A-1DCFFA818438}.Debug|Any CPU.Build.0 = Debug|Any CPU
		{65DAE17A-8993-4129-950A-1DCFFA818438}.Debug|x64.ActiveCfg = Debug|Any CPU
		{65DAE17A-8993-4129-950A-1DCFFA818438}.Debug|x64.Build.0 = Debug|Any CPU
		{65DAE17A-8993-4129-950A-1DCFFA818438}.Release|Any CPU.ActiveCfg = Release|Any CPU
		{65DAE17A-8993-4129-950A-1DCFFA818438}.Release|Any CPU.Build.0 = Release|Any CPU
		{65DAE17A-8993-4129-950A-1DCFFA818438}.Release|x64.ActiveCfg = Release|Any CPU
		{65DAE17A-8993-4129-950A-1DCFFA818438}.Release|x64.Build.0 = Release|Any CPU
	EndGlobalSection
	GlobalSection(SolutionProperties) = preSolution
		HideSolutionNode = FALSE
	EndGlobalSection
	GlobalSection(ExtensibilityGlobals) = postSolution
		SolutionGuid = {4C0A69F2-270F-4006-816D-589BDD1AEEA0}
	EndGlobalSection
EndGlobal
